// !$*UTF8*$!
{
	archiveVersion = 1;
	classes = {
	};
	objectVersion = 46;
	objects = {

/* Begin PBXBuildFile section */
		03CC00135CAAB941580E5335 /* Pods_KanjiAppTests.framework in Frameworks */ = {isa = PBXBuildFile; fileRef = C14A2DCC2304102572A50768 /* Pods_KanjiAppTests.framework */; };
		5C2C69831F3F38C3005C2F66 /* libsqlite3.tbd in Frameworks */ = {isa = PBXBuildFile; fileRef = 5C2C69821F3F38C3005C2F66 /* libsqlite3.tbd */; };
		5C2C698B1F3F5530005C2F66 /* DatabaseHelper.swift in Sources */ = {isa = PBXBuildFile; fileRef = 5C2C698A1F3F5530005C2F66 /* DatabaseHelper.swift */; };
		5C2C69901F3FE853005C2F66 /* Kanji.swift in Sources */ = {isa = PBXBuildFile; fileRef = 5C2C698F1F3FE853005C2F66 /* Kanji.swift */; };
		5C2C69AE1F402B02005C2F66 /* database.sqlite in Resources */ = {isa = PBXBuildFile; fileRef = 5C2C69AD1F402B02005C2F66 /* database.sqlite */; };
		5C2C69B81F4188F8005C2F66 /* BottomViewController.swift in Sources */ = {isa = PBXBuildFile; fileRef = 5C2C69B71F4188F8005C2F66 /* BottomViewController.swift */; };
		5C2C69BA1F418907005C2F66 /* Bottom2ViewController.swift in Sources */ = {isa = PBXBuildFile; fileRef = 5C2C69B91F418907005C2F66 /* Bottom2ViewController.swift */; };
		5C2C69BC1F418938005C2F66 /* PulleyViewController.swift in Sources */ = {isa = PBXBuildFile; fileRef = 5C2C69BB1F418938005C2F66 /* PulleyViewController.swift */; };
		5C2C69BE1F41896D005C2F66 /* MainViewController.swift in Sources */ = {isa = PBXBuildFile; fileRef = 5C2C69BD1F41896D005C2F66 /* MainViewController.swift */; };
		5C2C69C01F41898F005C2F66 /* DrawerContentViewController.swift in Sources */ = {isa = PBXBuildFile; fileRef = 5C2C69BF1F41898F005C2F66 /* DrawerContentViewController.swift */; };
		5C2C69C21F418AFA005C2F66 /* PulleyPassthroughScrollView.swift in Sources */ = {isa = PBXBuildFile; fileRef = 5C2C69C11F418AFA005C2F66 /* PulleyPassthroughScrollView.swift */; };
		5C2C69C61F41A59D005C2F66 /* Assets.xcassets in Resources */ = {isa = PBXBuildFile; fileRef = 5C2C69C51F41A59D005C2F66 /* Assets.xcassets */; };
		5C2C69CC1F42A15C005C2F66 /* Course.swift in Sources */ = {isa = PBXBuildFile; fileRef = 5C2C69CB1F42A15C005C2F66 /* Course.swift */; };
		5C2C69CE1F42AAF2005C2F66 /* CourseCategory.swift in Sources */ = {isa = PBXBuildFile; fileRef = 5C2C69CD1F42AAF2005C2F66 /* CourseCategory.swift */; };
		5C2C69D01F42B437005C2F66 /* FeaturedCoursesController.swift in Sources */ = {isa = PBXBuildFile; fileRef = 5C2C69CF1F42B437005C2F66 /* FeaturedCoursesController.swift */; };
		5C2C69D21F42B528005C2F66 /* CategoryCell.swift in Sources */ = {isa = PBXBuildFile; fileRef = 5C2C69D11F42B528005C2F66 /* CategoryCell.swift */; };
		5C2C69D41F42B741005C2F66 /* CourseService.swift in Sources */ = {isa = PBXBuildFile; fileRef = 5C2C69D31F42B741005C2F66 /* CourseService.swift */; };
		5C2C69D61F42BA9E005C2F66 /* Extensions.swift in Sources */ = {isa = PBXBuildFile; fileRef = 5C2C69D51F42BA9E005C2F66 /* Extensions.swift */; };
		5C2C69DA1F42E3BE005C2F66 /* CourseCell.swift in Sources */ = {isa = PBXBuildFile; fileRef = 5C2C69D91F42E3BE005C2F66 /* CourseCell.swift */; };
		5C2C69DC1F42E44E005C2F66 /* Utility.swift in Sources */ = {isa = PBXBuildFile; fileRef = 5C2C69DB1F42E44E005C2F66 /* Utility.swift */; };
		5C2C69DE1F42E918005C2F66 /* LargeCategoryCell.swift in Sources */ = {isa = PBXBuildFile; fileRef = 5C2C69DD1F42E918005C2F66 /* LargeCategoryCell.swift */; };
		5C2C69E01F42E9D8005C2F66 /* CourseDetailController.swift in Sources */ = {isa = PBXBuildFile; fileRef = 5C2C69DF1F42E9D8005C2F66 /* CourseDetailController.swift */; };
		5C2C69E81F42EE0A005C2F66 /* Header.swift in Sources */ = {isa = PBXBuildFile; fileRef = 5C2C69E71F42EE0A005C2F66 /* Header.swift */; };
		5C2C69EE1F4320C8005C2F66 /* FeaturedCourses.swift in Sources */ = {isa = PBXBuildFile; fileRef = 5C2C69ED1F4320C8005C2F66 /* FeaturedCourses.swift */; };
		5C2C69F01F4324DE005C2F66 /* ScreenshotsCell.swift in Sources */ = {isa = PBXBuildFile; fileRef = 5C2C69EF1F4324DE005C2F66 /* ScreenshotsCell.swift */; };
		5C2F38711F5BD677004B0BE4 /* KanjiCell.swift in Sources */ = {isa = PBXBuildFile; fileRef = 5C2F386F1F5BD677004B0BE4 /* KanjiCell.swift */; };
		5C2F38721F5BD677004B0BE4 /* KanjiCell.xib in Resources */ = {isa = PBXBuildFile; fileRef = 5C2F38701F5BD677004B0BE4 /* KanjiCell.xib */; };
		5C2F387A1F5BEB1B004B0BE4 /* DetailParentViewController.swift in Sources */ = {isa = PBXBuildFile; fileRef = 5C2F38791F5BEB1B004B0BE4 /* DetailParentViewController.swift */; };
		5C5F417B1F11E8EE000E4F7C /* AppDelegate.swift in Sources */ = {isa = PBXBuildFile; fileRef = 5C5F417A1F11E8EE000E4F7C /* AppDelegate.swift */; };
		5C5F41801F11E8EE000E4F7C /* Main.storyboard in Resources */ = {isa = PBXBuildFile; fileRef = 5C5F417E1F11E8EE000E4F7C /* Main.storyboard */; };
		5C5F41851F11E8EE000E4F7C /* LaunchScreen.storyboard in Resources */ = {isa = PBXBuildFile; fileRef = 5C5F41831F11E8EE000E4F7C /* LaunchScreen.storyboard */; };
		5C5F41901F11E8EE000E4F7C /* KanjiAppTests.swift in Sources */ = {isa = PBXBuildFile; fileRef = 5C5F418F1F11E8EE000E4F7C /* KanjiAppTests.swift */; };
		5C5F419B1F11E8EE000E4F7C /* KanjiAppUITests.swift in Sources */ = {isa = PBXBuildFile; fileRef = 5C5F419A1F11E8EE000E4F7C /* KanjiAppUITests.swift */; };
		5C5F41BA1F1212B4000E4F7C /* User.swift in Sources */ = {isa = PBXBuildFile; fileRef = 5C5F41B91F1212B4000E4F7C /* User.swift */; };
		5C5F41BC1F12264E000E4F7C /* UserService.swift in Sources */ = {isa = PBXBuildFile; fileRef = 5C5F41BB1F12264E000E4F7C /* UserService.swift */; };
		5CFCCD261F493C06008EFFF0 /* KanjiService.swift in Sources */ = {isa = PBXBuildFile; fileRef = 5CFCCD251F493C06008EFFF0 /* KanjiService.swift */; };
		5CFCCD2D1F499482008EFFF0 /* WordsViewController.swift in Sources */ = {isa = PBXBuildFile; fileRef = 5CFCCD2C1F499482008EFFF0 /* WordsViewController.swift */; };
		5CFCCD2F1F499E9D008EFFF0 /* WordDetailViewController.swift in Sources */ = {isa = PBXBuildFile; fileRef = 5CFCCD2E1F499E9D008EFFF0 /* WordDetailViewController.swift */; };
		DDF85D8D4436E3787763FB90 /* Pods_KanjiApp.framework in Frameworks */ = {isa = PBXBuildFile; fileRef = 9FFDEDEEAB5F3C746E92BDCD /* Pods_KanjiApp.framework */; };
		EF0BE43CC4E5BA33D44C667A /* Pods_KanjiAppUITests.framework in Frameworks */ = {isa = PBXBuildFile; fileRef = E79DC9D189AE0A74A322BEDE /* Pods_KanjiAppUITests.framework */; };
/* End PBXBuildFile section */

/* Begin PBXContainerItemProxy section */
		5C5F418C1F11E8EE000E4F7C /* PBXContainerItemProxy */ = {
			isa = PBXContainerItemProxy;
			containerPortal = 5C5F416F1F11E8EE000E4F7C /* Project object */;
			proxyType = 1;
			remoteGlobalIDString = 5C5F41761F11E8EE000E4F7C;
			remoteInfo = KanjiApp;
		};
		5C5F41971F11E8EE000E4F7C /* PBXContainerItemProxy */ = {
			isa = PBXContainerItemProxy;
			containerPortal = 5C5F416F1F11E8EE000E4F7C /* Project object */;
			proxyType = 1;
			remoteGlobalIDString = 5C5F41761F11E8EE000E4F7C;
			remoteInfo = KanjiApp;
		};
/* End PBXContainerItemProxy section */

/* Begin PBXFileReference section */
		4016E633C4CE4104BF92E6DF /* Pods-KanjiAppTests.release.xcconfig */ = {isa = PBXFileReference; includeInIndex = 1; lastKnownFileType = text.xcconfig; name = "Pods-KanjiAppTests.release.xcconfig"; path = "Pods/Target Support Files/Pods-KanjiAppTests/Pods-KanjiAppTests.release.xcconfig"; sourceTree = "<group>"; };
		40AA102E7C8DD995649A9C13 /* Pods-KanjiAppUITests.debug.xcconfig */ = {isa = PBXFileReference; includeInIndex = 1; lastKnownFileType = text.xcconfig; name = "Pods-KanjiAppUITests.debug.xcconfig"; path = "Pods/Target Support Files/Pods-KanjiAppUITests/Pods-KanjiAppUITests.debug.xcconfig"; sourceTree = "<group>"; };
		5C2C69821F3F38C3005C2F66 /* libsqlite3.tbd */ = {isa = PBXFileReference; lastKnownFileType = "sourcecode.text-based-dylib-definition"; name = libsqlite3.tbd; path = usr/lib/libsqlite3.tbd; sourceTree = SDKROOT; };
		5C2C698A1F3F5530005C2F66 /* DatabaseHelper.swift */ = {isa = PBXFileReference; fileEncoding = 4; lastKnownFileType = sourcecode.swift; path = DatabaseHelper.swift; sourceTree = "<group>"; };
		5C2C698F1F3FE853005C2F66 /* Kanji.swift */ = {isa = PBXFileReference; fileEncoding = 4; lastKnownFileType = sourcecode.swift; path = Kanji.swift; sourceTree = "<group>"; };
		5C2C69AD1F402B02005C2F66 /* database.sqlite */ = {isa = PBXFileReference; lastKnownFileType = file; path = database.sqlite; sourceTree = "<group>"; };
		5C2C69B71F4188F8005C2F66 /* BottomViewController.swift */ = {isa = PBXFileReference; fileEncoding = 4; lastKnownFileType = sourcecode.swift; path = BottomViewController.swift; sourceTree = "<group>"; };
		5C2C69B91F418907005C2F66 /* Bottom2ViewController.swift */ = {isa = PBXFileReference; fileEncoding = 4; lastKnownFileType = sourcecode.swift; path = Bottom2ViewController.swift; sourceTree = "<group>"; };
		5C2C69BB1F418938005C2F66 /* PulleyViewController.swift */ = {isa = PBXFileReference; fileEncoding = 4; lastKnownFileType = sourcecode.swift; path = PulleyViewController.swift; sourceTree = "<group>"; };
		5C2C69BD1F41896D005C2F66 /* MainViewController.swift */ = {isa = PBXFileReference; fileEncoding = 4; lastKnownFileType = sourcecode.swift; path = MainViewController.swift; sourceTree = "<group>"; };
		5C2C69BF1F41898F005C2F66 /* DrawerContentViewController.swift */ = {isa = PBXFileReference; fileEncoding = 4; lastKnownFileType = sourcecode.swift; path = DrawerContentViewController.swift; sourceTree = "<group>"; };
		5C2C69C11F418AFA005C2F66 /* PulleyPassthroughScrollView.swift */ = {isa = PBXFileReference; fileEncoding = 4; lastKnownFileType = sourcecode.swift; path = PulleyPassthroughScrollView.swift; sourceTree = "<group>"; };
		5C2C69C51F41A59D005C2F66 /* Assets.xcassets */ = {isa = PBXFileReference; lastKnownFileType = folder.assetcatalog; path = Assets.xcassets; sourceTree = "<group>"; };
		5C2C69CB1F42A15C005C2F66 /* Course.swift */ = {isa = PBXFileReference; fileEncoding = 4; lastKnownFileType = sourcecode.swift; path = Course.swift; sourceTree = "<group>"; };
		5C2C69CD1F42AAF2005C2F66 /* CourseCategory.swift */ = {isa = PBXFileReference; fileEncoding = 4; lastKnownFileType = sourcecode.swift; path = CourseCategory.swift; sourceTree = "<group>"; };
		5C2C69CF1F42B437005C2F66 /* FeaturedCoursesController.swift */ = {isa = PBXFileReference; fileEncoding = 4; lastKnownFileType = sourcecode.swift; path = FeaturedCoursesController.swift; sourceTree = "<group>"; };
		5C2C69D11F42B528005C2F66 /* CategoryCell.swift */ = {isa = PBXFileReference; fileEncoding = 4; lastKnownFileType = sourcecode.swift; path = CategoryCell.swift; sourceTree = "<group>"; };
		5C2C69D31F42B741005C2F66 /* CourseService.swift */ = {isa = PBXFileReference; fileEncoding = 4; lastKnownFileType = sourcecode.swift; path = CourseService.swift; sourceTree = "<group>"; };
		5C2C69D51F42BA9E005C2F66 /* Extensions.swift */ = {isa = PBXFileReference; fileEncoding = 4; lastKnownFileType = sourcecode.swift; path = Extensions.swift; sourceTree = "<group>"; };
		5C2C69D91F42E3BE005C2F66 /* CourseCell.swift */ = {isa = PBXFileReference; fileEncoding = 4; lastKnownFileType = sourcecode.swift; path = CourseCell.swift; sourceTree = "<group>"; };
		5C2C69DB1F42E44E005C2F66 /* Utility.swift */ = {isa = PBXFileReference; fileEncoding = 4; lastKnownFileType = sourcecode.swift; path = Utility.swift; sourceTree = "<group>"; };
		5C2C69DD1F42E918005C2F66 /* LargeCategoryCell.swift */ = {isa = PBXFileReference; fileEncoding = 4; lastKnownFileType = sourcecode.swift; path = LargeCategoryCell.swift; sourceTree = "<group>"; };
		5C2C69DF1F42E9D8005C2F66 /* CourseDetailController.swift */ = {isa = PBXFileReference; fileEncoding = 4; lastKnownFileType = sourcecode.swift; path = CourseDetailController.swift; sourceTree = "<group>"; };
		5C2C69E71F42EE0A005C2F66 /* Header.swift */ = {isa = PBXFileReference; fileEncoding = 4; lastKnownFileType = sourcecode.swift; path = Header.swift; sourceTree = "<group>"; };
		5C2C69ED1F4320C8005C2F66 /* FeaturedCourses.swift */ = {isa = PBXFileReference; fileEncoding = 4; lastKnownFileType = sourcecode.swift; path = FeaturedCourses.swift; sourceTree = "<group>"; };
		5C2C69EF1F4324DE005C2F66 /* ScreenshotsCell.swift */ = {isa = PBXFileReference; fileEncoding = 4; lastKnownFileType = sourcecode.swift; path = ScreenshotsCell.swift; sourceTree = "<group>"; };
		5C2F386F1F5BD677004B0BE4 /* KanjiCell.swift */ = {isa = PBXFileReference; fileEncoding = 4; lastKnownFileType = sourcecode.swift; path = KanjiCell.swift; sourceTree = "<group>"; };
		5C2F38701F5BD677004B0BE4 /* KanjiCell.xib */ = {isa = PBXFileReference; fileEncoding = 4; lastKnownFileType = file.xib; path = KanjiCell.xib; sourceTree = "<group>"; };
		5C2F38791F5BEB1B004B0BE4 /* DetailParentViewController.swift */ = {isa = PBXFileReference; fileEncoding = 4; lastKnownFileType = sourcecode.swift; path = DetailParentViewController.swift; sourceTree = "<group>"; };
		5C5F41771F11E8EE000E4F7C /* KanjiApp.app */ = {isa = PBXFileReference; explicitFileType = wrapper.application; includeInIndex = 0; path = KanjiApp.app; sourceTree = BUILT_PRODUCTS_DIR; };
		5C5F417A1F11E8EE000E4F7C /* AppDelegate.swift */ = {isa = PBXFileReference; lastKnownFileType = sourcecode.swift; path = AppDelegate.swift; sourceTree = "<group>"; };
		5C5F417F1F11E8EE000E4F7C /* Base */ = {isa = PBXFileReference; lastKnownFileType = file.storyboard; name = Base; path = Base.lproj/Main.storyboard; sourceTree = "<group>"; };
		5C5F41841F11E8EE000E4F7C /* Base */ = {isa = PBXFileReference; lastKnownFileType = file.storyboard; name = Base; path = Base.lproj/LaunchScreen.storyboard; sourceTree = "<group>"; };
		5C5F41861F11E8EE000E4F7C /* Info.plist */ = {isa = PBXFileReference; lastKnownFileType = text.plist.xml; path = Info.plist; sourceTree = "<group>"; };
		5C5F418B1F11E8EE000E4F7C /* KanjiAppTests.xctest */ = {isa = PBXFileReference; explicitFileType = wrapper.cfbundle; includeInIndex = 0; path = KanjiAppTests.xctest; sourceTree = BUILT_PRODUCTS_DIR; };
		5C5F418F1F11E8EE000E4F7C /* KanjiAppTests.swift */ = {isa = PBXFileReference; lastKnownFileType = sourcecode.swift; path = KanjiAppTests.swift; sourceTree = "<group>"; };
		5C5F41911F11E8EE000E4F7C /* Info.plist */ = {isa = PBXFileReference; lastKnownFileType = text.plist.xml; path = Info.plist; sourceTree = "<group>"; };
		5C5F41961F11E8EE000E4F7C /* KanjiAppUITests.xctest */ = {isa = PBXFileReference; explicitFileType = wrapper.cfbundle; includeInIndex = 0; path = KanjiAppUITests.xctest; sourceTree = BUILT_PRODUCTS_DIR; };
		5C5F419A1F11E8EE000E4F7C /* KanjiAppUITests.swift */ = {isa = PBXFileReference; lastKnownFileType = sourcecode.swift; path = KanjiAppUITests.swift; sourceTree = "<group>"; };
		5C5F419C1F11E8EE000E4F7C /* Info.plist */ = {isa = PBXFileReference; lastKnownFileType = text.plist.xml; path = Info.plist; sourceTree = "<group>"; };
		5C5F41B91F1212B4000E4F7C /* User.swift */ = {isa = PBXFileReference; fileEncoding = 4; lastKnownFileType = sourcecode.swift; path = User.swift; sourceTree = "<group>"; };
		5C5F41BB1F12264E000E4F7C /* UserService.swift */ = {isa = PBXFileReference; fileEncoding = 4; lastKnownFileType = sourcecode.swift; path = UserService.swift; sourceTree = "<group>"; };
		5CFCCD251F493C06008EFFF0 /* KanjiService.swift */ = {isa = PBXFileReference; fileEncoding = 4; lastKnownFileType = sourcecode.swift; path = KanjiService.swift; sourceTree = "<group>"; };
		5CFCCD2B1F49616A008EFFF0 /* KanjiApp-Bridging-Header.h */ = {isa = PBXFileReference; fileEncoding = 4; lastKnownFileType = sourcecode.c.h; path = "KanjiApp-Bridging-Header.h"; sourceTree = "<group>"; };
		5CFCCD2C1F499482008EFFF0 /* WordsViewController.swift */ = {isa = PBXFileReference; fileEncoding = 4; lastKnownFileType = sourcecode.swift; path = WordsViewController.swift; sourceTree = "<group>"; };
		5CFCCD2E1F499E9D008EFFF0 /* WordDetailViewController.swift */ = {isa = PBXFileReference; fileEncoding = 4; lastKnownFileType = sourcecode.swift; path = WordDetailViewController.swift; sourceTree = "<group>"; };
		777E290574292043E3D30109 /* Pods-KanjiAppUITests.release.xcconfig */ = {isa = PBXFileReference; includeInIndex = 1; lastKnownFileType = text.xcconfig; name = "Pods-KanjiAppUITests.release.xcconfig"; path = "Pods/Target Support Files/Pods-KanjiAppUITests/Pods-KanjiAppUITests.release.xcconfig"; sourceTree = "<group>"; };
		83963C0FA12910C359444212 /* Pods-KanjiApp.debug.xcconfig */ = {isa = PBXFileReference; includeInIndex = 1; lastKnownFileType = text.xcconfig; name = "Pods-KanjiApp.debug.xcconfig"; path = "Pods/Target Support Files/Pods-KanjiApp/Pods-KanjiApp.debug.xcconfig"; sourceTree = "<group>"; };
		9FFDEDEEAB5F3C746E92BDCD /* Pods_KanjiApp.framework */ = {isa = PBXFileReference; explicitFileType = wrapper.framework; includeInIndex = 0; path = Pods_KanjiApp.framework; sourceTree = BUILT_PRODUCTS_DIR; };
		C14A2DCC2304102572A50768 /* Pods_KanjiAppTests.framework */ = {isa = PBXFileReference; explicitFileType = wrapper.framework; includeInIndex = 0; path = Pods_KanjiAppTests.framework; sourceTree = BUILT_PRODUCTS_DIR; };
		DD942F547D43D69EAD0E476D /* Pods-KanjiAppTests.debug.xcconfig */ = {isa = PBXFileReference; includeInIndex = 1; lastKnownFileType = text.xcconfig; name = "Pods-KanjiAppTests.debug.xcconfig"; path = "Pods/Target Support Files/Pods-KanjiAppTests/Pods-KanjiAppTests.debug.xcconfig"; sourceTree = "<group>"; };
		E79DC9D189AE0A74A322BEDE /* Pods_KanjiAppUITests.framework */ = {isa = PBXFileReference; explicitFileType = wrapper.framework; includeInIndex = 0; path = Pods_KanjiAppUITests.framework; sourceTree = BUILT_PRODUCTS_DIR; };
		F01B005D3EE4F1FE8FA2C157 /* Pods-KanjiApp.release.xcconfig */ = {isa = PBXFileReference; includeInIndex = 1; lastKnownFileType = text.xcconfig; name = "Pods-KanjiApp.release.xcconfig"; path = "Pods/Target Support Files/Pods-KanjiApp/Pods-KanjiApp.release.xcconfig"; sourceTree = "<group>"; };
/* End PBXFileReference section */

/* Begin PBXFrameworksBuildPhase section */
		5C5F41741F11E8EE000E4F7C /* Frameworks */ = {
			isa = PBXFrameworksBuildPhase;
			buildActionMask = 2147483647;
			files = (
				5C2C69831F3F38C3005C2F66 /* libsqlite3.tbd in Frameworks */,
				DDF85D8D4436E3787763FB90 /* Pods_KanjiApp.framework in Frameworks */,
			);
			runOnlyForDeploymentPostprocessing = 0;
		};
		5C5F41881F11E8EE000E4F7C /* Frameworks */ = {
			isa = PBXFrameworksBuildPhase;
			buildActionMask = 2147483647;
			files = (
				03CC00135CAAB941580E5335 /* Pods_KanjiAppTests.framework in Frameworks */,
			);
			runOnlyForDeploymentPostprocessing = 0;
		};
		5C5F41931F11E8EE000E4F7C /* Frameworks */ = {
			isa = PBXFrameworksBuildPhase;
			buildActionMask = 2147483647;
			files = (
				EF0BE43CC4E5BA33D44C667A /* Pods_KanjiAppUITests.framework in Frameworks */,
			);
			runOnlyForDeploymentPostprocessing = 0;
		};
/* End PBXFrameworksBuildPhase section */

/* Begin PBXGroup section */
		50AED0202D82994B82DE504F /* Pods */ = {
			isa = PBXGroup;
			children = (
				83963C0FA12910C359444212 /* Pods-KanjiApp.debug.xcconfig */,
				F01B005D3EE4F1FE8FA2C157 /* Pods-KanjiApp.release.xcconfig */,
				DD942F547D43D69EAD0E476D /* Pods-KanjiAppTests.debug.xcconfig */,
				4016E633C4CE4104BF92E6DF /* Pods-KanjiAppTests.release.xcconfig */,
				40AA102E7C8DD995649A9C13 /* Pods-KanjiAppUITests.debug.xcconfig */,
				777E290574292043E3D30109 /* Pods-KanjiAppUITests.release.xcconfig */,
			);
			name = Pods;
			sourceTree = "<group>";
		};
		5C2C69851F3F3D72005C2F66 /* Helper */ = {
			isa = PBXGroup;
			children = (
				5C2C69DB1F42E44E005C2F66 /* Utility.swift */,
				5C2C69D51F42BA9E005C2F66 /* Extensions.swift */,
				5C2C698A1F3F5530005C2F66 /* DatabaseHelper.swift */,
			);
			name = Helper;
			sourceTree = "<group>";
		};
		5C2C69861F3F3D9B005C2F66 /* Resource */ = {
			isa = PBXGroup;
			children = (
				5C2C69891F3F3DCB005C2F66 /* data */,
				5C2C69881F3F3DC4005C2F66 /* raw */,
				5C2C69871F3F3DAD005C2F66 /* icons */,
			);
			name = Resource;
			sourceTree = "<group>";
		};
		5C2C69871F3F3DAD005C2F66 /* icons */ = {
			isa = PBXGroup;
			children = (
			);
			name = icons;
			sourceTree = "<group>";
		};
		5C2C69881F3F3DC4005C2F66 /* raw */ = {
			isa = PBXGroup;
			children = (
			);
			name = raw;
			sourceTree = "<group>";
		};
		5C2C69891F3F3DCB005C2F66 /* data */ = {
			isa = PBXGroup;
			children = (
				5C2C69AD1F402B02005C2F66 /* database.sqlite */,
			);
			name = data;
			sourceTree = "<group>";
		};
		5C2C69AF1F409F10005C2F66 /* Main */ = {
			isa = PBXGroup;
			children = (
				5CFCCD291F495C2F008EFFF0 /* Words */,
				5C2C69C71F429E8A005C2F66 /* Menu */,
				5C2C69BD1F41896D005C2F66 /* MainViewController.swift */,
				5C2C69B71F4188F8005C2F66 /* BottomViewController.swift */,
				5C2C69B91F418907005C2F66 /* Bottom2ViewController.swift */,
				5C2C69BF1F41898F005C2F66 /* DrawerContentViewController.swift */,
				5C2C69C11F418AFA005C2F66 /* PulleyPassthroughScrollView.swift */,
				5C2C69BB1F418938005C2F66 /* PulleyViewController.swift */,
			);
			name = Main;
			sourceTree = "<group>";
		};
		5C2C69B01F409F25005C2F66 /* Main */ = {
			isa = PBXGroup;
			children = (
				5C5F417E1F11E8EE000E4F7C /* Main.storyboard */,
				5C2F386F1F5BD677004B0BE4 /* KanjiCell.swift */,
				5C2F38701F5BD677004B0BE4 /* KanjiCell.xib */,
			);
			name = Main;
			sourceTree = "<group>";
		};
		5C2C69C71F429E8A005C2F66 /* Menu */ = {
			isa = PBXGroup;
			children = (
				5C2C69CF1F42B437005C2F66 /* FeaturedCoursesController.swift */,
				5C2C69DF1F42E9D8005C2F66 /* CourseDetailController.swift */,
				5C2C69D11F42B528005C2F66 /* CategoryCell.swift */,
				5C2C69D91F42E3BE005C2F66 /* CourseCell.swift */,
				5C2C69DD1F42E918005C2F66 /* LargeCategoryCell.swift */,
				5C2C69E71F42EE0A005C2F66 /* Header.swift */,
				5C2C69EF1F4324DE005C2F66 /* ScreenshotsCell.swift */,
			);
			name = Menu;
			sourceTree = "<group>";
		};
		5C2C69CA1F42A146005C2F66 /* Course */ = {
			isa = PBXGroup;
			children = (
				5C2C69CB1F42A15C005C2F66 /* Course.swift */,
				5C2C69CD1F42AAF2005C2F66 /* CourseCategory.swift */,
				5C2C69D31F42B741005C2F66 /* CourseService.swift */,
				5C2C69ED1F4320C8005C2F66 /* FeaturedCourses.swift */,
			);
			name = Course;
			sourceTree = "<group>";
		};
		5C5F416E1F11E8EE000E4F7C = {
			isa = PBXGroup;
			children = (
				5CFCCD2B1F49616A008EFFF0 /* KanjiApp-Bridging-Header.h */,
				5C5F41791F11E8EE000E4F7C /* KanjiApp */,
				5C5F418E1F11E8EE000E4F7C /* KanjiAppTests */,
				5C5F41991F11E8EE000E4F7C /* KanjiAppUITests */,
				5C5F41781F11E8EE000E4F7C /* Products */,
				50AED0202D82994B82DE504F /* Pods */,
				E519A7C649706DF6974A4C53 /* Frameworks */,
			);
			sourceTree = "<group>";
		};
		5C5F41781F11E8EE000E4F7C /* Products */ = {
			isa = PBXGroup;
			children = (
				5C5F41771F11E8EE000E4F7C /* KanjiApp.app */,
				5C5F418B1F11E8EE000E4F7C /* KanjiAppTests.xctest */,
				5C5F41961F11E8EE000E4F7C /* KanjiAppUITests.xctest */,
			);
			name = Products;
			sourceTree = "<group>";
		};
		5C5F41791F11E8EE000E4F7C /* KanjiApp */ = {
			isa = PBXGroup;
			children = (
				5C2C69C51F41A59D005C2F66 /* Assets.xcassets */,
				5C2C69861F3F3D9B005C2F66 /* Resource */,
				5C2C69851F3F3D72005C2F66 /* Helper */,
				5C5F41B51F11F2A4000E4F7C /* View */,
				5C5F41B41F11F29A000E4F7C /* Controller */,
				5C5F41B31F11F287000E4F7C /* Model */,
				5C5F417A1F11E8EE000E4F7C /* AppDelegate.swift */,
				5C5F41831F11E8EE000E4F7C /* LaunchScreen.storyboard */,
				5C5F41861F11E8EE000E4F7C /* Info.plist */,
			);
			path = KanjiApp;
			sourceTree = "<group>";
		};
		5C5F418E1F11E8EE000E4F7C /* KanjiAppTests */ = {
			isa = PBXGroup;
			children = (
				5C5F418F1F11E8EE000E4F7C /* KanjiAppTests.swift */,
				5C5F41911F11E8EE000E4F7C /* Info.plist */,
			);
			path = KanjiAppTests;
			sourceTree = "<group>";
		};
		5C5F41991F11E8EE000E4F7C /* KanjiAppUITests */ = {
			isa = PBXGroup;
			children = (
				5C5F419A1F11E8EE000E4F7C /* KanjiAppUITests.swift */,
				5C5F419C1F11E8EE000E4F7C /* Info.plist */,
			);
			path = KanjiAppUITests;
			sourceTree = "<group>";
		};
		5C5F41B31F11F287000E4F7C /* Model */ = {
			isa = PBXGroup;
			children = (
				5C2C69CA1F42A146005C2F66 /* Course */,
				5C5F41BF1F122E02000E4F7C /* Kanji */,
				5C5F41B61F12125A000E4F7C /* User */,
			);
			name = Model;
			sourceTree = "<group>";
		};
		5C5F41B41F11F29A000E4F7C /* Controller */ = {
			isa = PBXGroup;
			children = (
				5C2C69AF1F409F10005C2F66 /* Main */,
				5C2F38791F5BEB1B004B0BE4 /* DetailParentViewController.swift */,
			);
			name = Controller;
			sourceTree = "<group>";
		};
		5C5F41B51F11F2A4000E4F7C /* View */ = {
			isa = PBXGroup;
			children = (
				5C2C69B01F409F25005C2F66 /* Main */,
			);
			name = View;
			sourceTree = "<group>";
		};
		5C5F41B61F12125A000E4F7C /* User */ = {
			isa = PBXGroup;
			children = (
				5C5F41B91F1212B4000E4F7C /* User.swift */,
				5C5F41BB1F12264E000E4F7C /* UserService.swift */,
			);
			name = User;
			sourceTree = "<group>";
		};
		5C5F41BF1F122E02000E4F7C /* Kanji */ = {
			isa = PBXGroup;
			children = (
				5C2C698F1F3FE853005C2F66 /* Kanji.swift */,
				5CFCCD251F493C06008EFFF0 /* KanjiService.swift */,
			);
			name = Kanji;
			sourceTree = "<group>";
		};
		5CFCCD291F495C2F008EFFF0 /* Words */ = {
			isa = PBXGroup;
			children = (
				5CFCCD2C1F499482008EFFF0 /* WordsViewController.swift */,
				5CFCCD2E1F499E9D008EFFF0 /* WordDetailViewController.swift */,
			);
			name = Words;
			sourceTree = "<group>";
		};
		E519A7C649706DF6974A4C53 /* Frameworks */ = {
			isa = PBXGroup;
			children = (
				5C2C69821F3F38C3005C2F66 /* libsqlite3.tbd */,
				9FFDEDEEAB5F3C746E92BDCD /* Pods_KanjiApp.framework */,
				C14A2DCC2304102572A50768 /* Pods_KanjiAppTests.framework */,
				E79DC9D189AE0A74A322BEDE /* Pods_KanjiAppUITests.framework */,
			);
			name = Frameworks;
			sourceTree = "<group>";
		};
/* End PBXGroup section */

/* Begin PBXNativeTarget section */
		5C5F41761F11E8EE000E4F7C /* KanjiApp */ = {
			isa = PBXNativeTarget;
			buildConfigurationList = 5C5F419F1F11E8EE000E4F7C /* Build configuration list for PBXNativeTarget "KanjiApp" */;
			buildPhases = (
				3F60D096F393E015914522BA /* [CP] Check Pods Manifest.lock */,
				5C5F41731F11E8EE000E4F7C /* Sources */,
				5C5F41741F11E8EE000E4F7C /* Frameworks */,
				5C5F41751F11E8EE000E4F7C /* Resources */,
				D00BBBAD3511488BF834926D /* [CP] Embed Pods Frameworks */,
				989208F2A1244EDAA3AB84A7 /* [CP] Copy Pods Resources */,
			);
			buildRules = (
			);
			dependencies = (
			);
			name = KanjiApp;
			productName = KanjiApp;
			productReference = 5C5F41771F11E8EE000E4F7C /* KanjiApp.app */;
			productType = "com.apple.product-type.application";
		};
		5C5F418A1F11E8EE000E4F7C /* KanjiAppTests */ = {
			isa = PBXNativeTarget;
			buildConfigurationList = 5C5F41A21F11E8EE000E4F7C /* Build configuration list for PBXNativeTarget "KanjiAppTests" */;
			buildPhases = (
				9BE0A4C176A4748557D12E65 /* [CP] Check Pods Manifest.lock */,
				5C5F41871F11E8EE000E4F7C /* Sources */,
				5C5F41881F11E8EE000E4F7C /* Frameworks */,
				5C5F41891F11E8EE000E4F7C /* Resources */,
				11F5A3A1006EB74D080EF092 /* [CP] Embed Pods Frameworks */,
				12D241419F6B8C5ECECBCC46 /* [CP] Copy Pods Resources */,
			);
			buildRules = (
			);
			dependencies = (
				5C5F418D1F11E8EE000E4F7C /* PBXTargetDependency */,
			);
			name = KanjiAppTests;
			productName = KanjiAppTests;
			productReference = 5C5F418B1F11E8EE000E4F7C /* KanjiAppTests.xctest */;
			productType = "com.apple.product-type.bundle.unit-test";
		};
		5C5F41951F11E8EE000E4F7C /* KanjiAppUITests */ = {
			isa = PBXNativeTarget;
			buildConfigurationList = 5C5F41A51F11E8EE000E4F7C /* Build configuration list for PBXNativeTarget "KanjiAppUITests" */;
			buildPhases = (
				F6919B4B8E6E8D56603087A6 /* [CP] Check Pods Manifest.lock */,
				5C5F41921F11E8EE000E4F7C /* Sources */,
				5C5F41931F11E8EE000E4F7C /* Frameworks */,
				5C5F41941F11E8EE000E4F7C /* Resources */,
				30EB41A24A337E19F4B14F7D /* [CP] Embed Pods Frameworks */,
				7A0CE2B06470944893C37654 /* [CP] Copy Pods Resources */,
			);
			buildRules = (
			);
			dependencies = (
				5C5F41981F11E8EE000E4F7C /* PBXTargetDependency */,
			);
			name = KanjiAppUITests;
			productName = KanjiAppUITests;
			productReference = 5C5F41961F11E8EE000E4F7C /* KanjiAppUITests.xctest */;
			productType = "com.apple.product-type.bundle.ui-testing";
		};
/* End PBXNativeTarget section */

/* Begin PBXProject section */
		5C5F416F1F11E8EE000E4F7C /* Project object */ = {
			isa = PBXProject;
			attributes = {
				LastSwiftUpdateCheck = 0830;
				LastUpgradeCheck = 0830;
				ORGANIZATIONNAME = "DT Dat";
				TargetAttributes = {
					5C5F41761F11E8EE000E4F7C = {
						CreatedOnToolsVersion = 8.3.3;
						DevelopmentTeam = 954C489898;
						ProvisioningStyle = Automatic;
					};
					5C5F418A1F11E8EE000E4F7C = {
						CreatedOnToolsVersion = 8.3.3;
						DevelopmentTeam = 954C489898;
						ProvisioningStyle = Automatic;
						TestTargetID = 5C5F41761F11E8EE000E4F7C;
					};
					5C5F41951F11E8EE000E4F7C = {
						CreatedOnToolsVersion = 8.3.3;
						DevelopmentTeam = 954C489898;
						ProvisioningStyle = Automatic;
						TestTargetID = 5C5F41761F11E8EE000E4F7C;
					};
				};
			};
			buildConfigurationList = 5C5F41721F11E8EE000E4F7C /* Build configuration list for PBXProject "KanjiApp" */;
			compatibilityVersion = "Xcode 3.2";
			developmentRegion = English;
			hasScannedForEncodings = 0;
			knownRegions = (
				en,
				Base,
			);
			mainGroup = 5C5F416E1F11E8EE000E4F7C;
			productRefGroup = 5C5F41781F11E8EE000E4F7C /* Products */;
			projectDirPath = "";
			projectRoot = "";
			targets = (
				5C5F41761F11E8EE000E4F7C /* KanjiApp */,
				5C5F418A1F11E8EE000E4F7C /* KanjiAppTests */,
				5C5F41951F11E8EE000E4F7C /* KanjiAppUITests */,
			);
		};
/* End PBXProject section */

/* Begin PBXResourcesBuildPhase section */
		5C5F41751F11E8EE000E4F7C /* Resources */ = {
			isa = PBXResourcesBuildPhase;
			buildActionMask = 2147483647;
			files = (
				5C2C69AE1F402B02005C2F66 /* database.sqlite in Resources */,
				5C5F41851F11E8EE000E4F7C /* LaunchScreen.storyboard in Resources */,
				5C2F38721F5BD677004B0BE4 /* KanjiCell.xib in Resources */,
				5C2C69C61F41A59D005C2F66 /* Assets.xcassets in Resources */,
				5C5F41801F11E8EE000E4F7C /* Main.storyboard in Resources */,
			);
			runOnlyForDeploymentPostprocessing = 0;
		};
		5C5F41891F11E8EE000E4F7C /* Resources */ = {
			isa = PBXResourcesBuildPhase;
			buildActionMask = 2147483647;
			files = (
			);
			runOnlyForDeploymentPostprocessing = 0;
		};
		5C5F41941F11E8EE000E4F7C /* Resources */ = {
			isa = PBXResourcesBuildPhase;
			buildActionMask = 2147483647;
			files = (
			);
			runOnlyForDeploymentPostprocessing = 0;
		};
/* End PBXResourcesBuildPhase section */

/* Begin PBXShellScriptBuildPhase section */
		11F5A3A1006EB74D080EF092 /* [CP] Embed Pods Frameworks */ = {
			isa = PBXShellScriptBuildPhase;
			buildActionMask = 2147483647;
			files = (
			);
			inputPaths = (
			);
			name = "[CP] Embed Pods Frameworks";
			outputPaths = (
			);
			runOnlyForDeploymentPostprocessing = 0;
			shellPath = /bin/sh;
			shellScript = "\"${SRCROOT}/Pods/Target Support Files/Pods-KanjiAppTests/Pods-KanjiAppTests-frameworks.sh\"\n";
			showEnvVarsInLog = 0;
		};
		12D241419F6B8C5ECECBCC46 /* [CP] Copy Pods Resources */ = {
			isa = PBXShellScriptBuildPhase;
			buildActionMask = 2147483647;
			files = (
			);
			inputPaths = (
			);
			name = "[CP] Copy Pods Resources";
			outputPaths = (
			);
			runOnlyForDeploymentPostprocessing = 0;
			shellPath = /bin/sh;
			shellScript = "\"${SRCROOT}/Pods/Target Support Files/Pods-KanjiAppTests/Pods-KanjiAppTests-resources.sh\"\n";
			showEnvVarsInLog = 0;
		};
		30EB41A24A337E19F4B14F7D /* [CP] Embed Pods Frameworks */ = {
			isa = PBXShellScriptBuildPhase;
			buildActionMask = 2147483647;
			files = (
			);
			inputPaths = (
			);
			name = "[CP] Embed Pods Frameworks";
			outputPaths = (
			);
			runOnlyForDeploymentPostprocessing = 0;
			shellPath = /bin/sh;
			shellScript = "\"${SRCROOT}/Pods/Target Support Files/Pods-KanjiAppUITests/Pods-KanjiAppUITests-frameworks.sh\"\n";
			showEnvVarsInLog = 0;
		};
		3F60D096F393E015914522BA /* [CP] Check Pods Manifest.lock */ = {
			isa = PBXShellScriptBuildPhase;
			buildActionMask = 2147483647;
			files = (
			);
			inputPaths = (
			);
			name = "[CP] Check Pods Manifest.lock";
			outputPaths = (
			);
			runOnlyForDeploymentPostprocessing = 0;
			shellPath = /bin/sh;
			shellScript = "diff \"${PODS_PODFILE_DIR_PATH}/Podfile.lock\" \"${PODS_ROOT}/Manifest.lock\" > /dev/null\nif [ $? != 0 ] ; then\n    # print error to STDERR\n    echo \"error: The sandbox is not in sync with the Podfile.lock. Run 'pod install' or update your CocoaPods installation.\" >&2\n    exit 1\nfi\n";
			showEnvVarsInLog = 0;
		};
		7A0CE2B06470944893C37654 /* [CP] Copy Pods Resources */ = {
			isa = PBXShellScriptBuildPhase;
			buildActionMask = 2147483647;
			files = (
			);
			inputPaths = (
			);
			name = "[CP] Copy Pods Resources";
			outputPaths = (
			);
			runOnlyForDeploymentPostprocessing = 0;
			shellPath = /bin/sh;
			shellScript = "\"${SRCROOT}/Pods/Target Support Files/Pods-KanjiAppUITests/Pods-KanjiAppUITests-resources.sh\"\n";
			showEnvVarsInLog = 0;
		};
		989208F2A1244EDAA3AB84A7 /* [CP] Copy Pods Resources */ = {
			isa = PBXShellScriptBuildPhase;
			buildActionMask = 2147483647;
			files = (
			);
			inputPaths = (
			);
			name = "[CP] Copy Pods Resources";
			outputPaths = (
			);
			runOnlyForDeploymentPostprocessing = 0;
			shellPath = /bin/sh;
			shellScript = "\"${SRCROOT}/Pods/Target Support Files/Pods-KanjiApp/Pods-KanjiApp-resources.sh\"\n";
			showEnvVarsInLog = 0;
		};
		9BE0A4C176A4748557D12E65 /* [CP] Check Pods Manifest.lock */ = {
			isa = PBXShellScriptBuildPhase;
			buildActionMask = 2147483647;
			files = (
			);
			inputPaths = (
			);
			name = "[CP] Check Pods Manifest.lock";
			outputPaths = (
			);
			runOnlyForDeploymentPostprocessing = 0;
			shellPath = /bin/sh;
			shellScript = "diff \"${PODS_PODFILE_DIR_PATH}/Podfile.lock\" \"${PODS_ROOT}/Manifest.lock\" > /dev/null\nif [ $? != 0 ] ; then\n    # print error to STDERR\n    echo \"error: The sandbox is not in sync with the Podfile.lock. Run 'pod install' or update your CocoaPods installation.\" >&2\n    exit 1\nfi\n";
			showEnvVarsInLog = 0;
		};
		D00BBBAD3511488BF834926D /* [CP] Embed Pods Frameworks */ = {
			isa = PBXShellScriptBuildPhase;
			buildActionMask = 2147483647;
			files = (
			);
			inputPaths = (
			);
			name = "[CP] Embed Pods Frameworks";
			outputPaths = (
			);
			runOnlyForDeploymentPostprocessing = 0;
			shellPath = /bin/sh;
			shellScript = "\"${SRCROOT}/Pods/Target Support Files/Pods-KanjiApp/Pods-KanjiApp-frameworks.sh\"\n";
			showEnvVarsInLog = 0;
		};
		F6919B4B8E6E8D56603087A6 /* [CP] Check Pods Manifest.lock */ = {
			isa = PBXShellScriptBuildPhase;
			buildActionMask = 2147483647;
			files = (
			);
			inputPaths = (
			);
			name = "[CP] Check Pods Manifest.lock";
			outputPaths = (
			);
			runOnlyForDeploymentPostprocessing = 0;
			shellPath = /bin/sh;
			shellScript = "diff \"${PODS_PODFILE_DIR_PATH}/Podfile.lock\" \"${PODS_ROOT}/Manifest.lock\" > /dev/null\nif [ $? != 0 ] ; then\n    # print error to STDERR\n    echo \"error: The sandbox is not in sync with the Podfile.lock. Run 'pod install' or update your CocoaPods installation.\" >&2\n    exit 1\nfi\n";
			showEnvVarsInLog = 0;
		};
/* End PBXShellScriptBuildPhase section */

/* Begin PBXSourcesBuildPhase section */
		5C5F41731F11E8EE000E4F7C /* Sources */ = {
			isa = PBXSourcesBuildPhase;
			buildActionMask = 2147483647;
			files = (
				5C2C69D21F42B528005C2F66 /* CategoryCell.swift in Sources */,
				5C2C69F01F4324DE005C2F66 /* ScreenshotsCell.swift in Sources */,
				5C2C69BA1F418907005C2F66 /* Bottom2ViewController.swift in Sources */,
				5C2C69D41F42B741005C2F66 /* CourseService.swift in Sources */,
				5C2C69BE1F41896D005C2F66 /* MainViewController.swift in Sources */,
				5C2C69DA1F42E3BE005C2F66 /* CourseCell.swift in Sources */,
				5C2C69C21F418AFA005C2F66 /* PulleyPassthroughScrollView.swift in Sources */,
				5C5F41BC1F12264E000E4F7C /* UserService.swift in Sources */,
				5C2C698B1F3F5530005C2F66 /* DatabaseHelper.swift in Sources */,
				5CFCCD2D1F499482008EFFF0 /* WordsViewController.swift in Sources */,
				5C2C69E81F42EE0A005C2F66 /* Header.swift in Sources */,
				5C2C69D61F42BA9E005C2F66 /* Extensions.swift in Sources */,
				5C2C69C01F41898F005C2F66 /* DrawerContentViewController.swift in Sources */,
				5CFCCD261F493C06008EFFF0 /* KanjiService.swift in Sources */,
				5C2C69BC1F418938005C2F66 /* PulleyViewController.swift in Sources */,
				5C2C69D01F42B437005C2F66 /* FeaturedCoursesController.swift in Sources */,
				5C2C69DC1F42E44E005C2F66 /* Utility.swift in Sources */,
				5C2C69B81F4188F8005C2F66 /* BottomViewController.swift in Sources */,
				5C2C69EE1F4320C8005C2F66 /* FeaturedCourses.swift in Sources */,
				5C2F38711F5BD677004B0BE4 /* KanjiCell.swift in Sources */,
				5C2F387A1F5BEB1B004B0BE4 /* DetailParentViewController.swift in Sources */,
				5C5F417B1F11E8EE000E4F7C /* AppDelegate.swift in Sources */,
				5C5F41BA1F1212B4000E4F7C /* User.swift in Sources */,
				5C2C69DE1F42E918005C2F66 /* LargeCategoryCell.swift in Sources */,
				5C2C69CC1F42A15C005C2F66 /* Course.swift in Sources */,
				5CFCCD2F1F499E9D008EFFF0 /* WordDetailViewController.swift in Sources */,
				5C2C69E01F42E9D8005C2F66 /* CourseDetailController.swift in Sources */,
				5C2C69901F3FE853005C2F66 /* Kanji.swift in Sources */,
				5C2C69CE1F42AAF2005C2F66 /* CourseCategory.swift in Sources */,
			);
			runOnlyForDeploymentPostprocessing = 0;
		};
		5C5F41871F11E8EE000E4F7C /* Sources */ = {
			isa = PBXSourcesBuildPhase;
			buildActionMask = 2147483647;
			files = (
				5C5F41901F11E8EE000E4F7C /* KanjiAppTests.swift in Sources */,
			);
			runOnlyForDeploymentPostprocessing = 0;
		};
		5C5F41921F11E8EE000E4F7C /* Sources */ = {
			isa = PBXSourcesBuildPhase;
			buildActionMask = 2147483647;
			files = (
				5C5F419B1F11E8EE000E4F7C /* KanjiAppUITests.swift in Sources */,
			);
			runOnlyForDeploymentPostprocessing = 0;
		};
/* End PBXSourcesBuildPhase section */

/* Begin PBXTargetDependency section */
		5C5F418D1F11E8EE000E4F7C /* PBXTargetDependency */ = {
			isa = PBXTargetDependency;
			target = 5C5F41761F11E8EE000E4F7C /* KanjiApp */;
			targetProxy = 5C5F418C1F11E8EE000E4F7C /* PBXContainerItemProxy */;
		};
		5C5F41981F11E8EE000E4F7C /* PBXTargetDependency */ = {
			isa = PBXTargetDependency;
			target = 5C5F41761F11E8EE000E4F7C /* KanjiApp */;
			targetProxy = 5C5F41971F11E8EE000E4F7C /* PBXContainerItemProxy */;
		};
/* End PBXTargetDependency section */

/* Begin PBXVariantGroup section */
		5C5F417E1F11E8EE000E4F7C /* Main.storyboard */ = {
			isa = PBXVariantGroup;
			children = (
				5C5F417F1F11E8EE000E4F7C /* Base */,
			);
			name = Main.storyboard;
			sourceTree = "<group>";
		};
		5C5F41831F11E8EE000E4F7C /* LaunchScreen.storyboard */ = {
			isa = PBXVariantGroup;
			children = (
				5C5F41841F11E8EE000E4F7C /* Base */,
			);
			name = LaunchScreen.storyboard;
			sourceTree = "<group>";
		};
/* End PBXVariantGroup section */

/* Begin XCBuildConfiguration section */
		5C5F419D1F11E8EE000E4F7C /* Debug */ = {
			isa = XCBuildConfiguration;
			buildSettings = {
				ALWAYS_SEARCH_USER_PATHS = NO;
				CLANG_ANALYZER_NONNULL = YES;
				CLANG_ANALYZER_NUMBER_OBJECT_CONVERSION = YES_AGGRESSIVE;
				CLANG_CXX_LANGUAGE_STANDARD = "gnu++0x";
				CLANG_CXX_LIBRARY = "libc++";
				CLANG_ENABLE_MODULES = YES;
				CLANG_ENABLE_OBJC_ARC = YES;
				CLANG_WARN_BOOL_CONVERSION = YES;
				CLANG_WARN_CONSTANT_CONVERSION = YES;
				CLANG_WARN_DIRECT_OBJC_ISA_USAGE = YES_ERROR;
				CLANG_WARN_DOCUMENTATION_COMMENTS = YES;
				CLANG_WARN_EMPTY_BODY = YES;
				CLANG_WARN_ENUM_CONVERSION = YES;
				CLANG_WARN_INFINITE_RECURSION = YES;
				CLANG_WARN_INT_CONVERSION = YES;
				CLANG_WARN_OBJC_ROOT_CLASS = YES_ERROR;
				CLANG_WARN_SUSPICIOUS_MOVE = YES;
				CLANG_WARN_UNREACHABLE_CODE = YES;
				CLANG_WARN__DUPLICATE_METHOD_MATCH = YES;
				"CODE_SIGN_IDENTITY[sdk=iphoneos*]" = "iPhone Developer";
				COPY_PHASE_STRIP = NO;
				DEBUG_INFORMATION_FORMAT = dwarf;
				ENABLE_STRICT_OBJC_MSGSEND = YES;
				ENABLE_TESTABILITY = YES;
				GCC_C_LANGUAGE_STANDARD = gnu99;
				GCC_DYNAMIC_NO_PIC = NO;
				GCC_NO_COMMON_BLOCKS = YES;
				GCC_OPTIMIZATION_LEVEL = 0;
				GCC_PREPROCESSOR_DEFINITIONS = (
					"DEBUG=1",
					"$(inherited)",
				);
				GCC_WARN_64_TO_32_BIT_CONVERSION = YES;
				GCC_WARN_ABOUT_RETURN_TYPE = YES_ERROR;
				GCC_WARN_UNDECLARED_SELECTOR = YES;
				GCC_WARN_UNINITIALIZED_AUTOS = YES_AGGRESSIVE;
				GCC_WARN_UNUSED_FUNCTION = YES;
				GCC_WARN_UNUSED_VARIABLE = YES;
				IPHONEOS_DEPLOYMENT_TARGET = 10.3;
				MTL_ENABLE_DEBUG_INFO = YES;
				ONLY_ACTIVE_ARCH = YES;
				SDKROOT = iphoneos;
				SWIFT_ACTIVE_COMPILATION_CONDITIONS = DEBUG;
				SWIFT_OPTIMIZATION_LEVEL = "-Onone";
				TARGETED_DEVICE_FAMILY = "1,2";
			};
			name = Debug;
		};
		5C5F419E1F11E8EE000E4F7C /* Release */ = {
			isa = XCBuildConfiguration;
			buildSettings = {
				ALWAYS_SEARCH_USER_PATHS = NO;
				CLANG_ANALYZER_NONNULL = YES;
				CLANG_ANALYZER_NUMBER_OBJECT_CONVERSION = YES_AGGRESSIVE;
				CLANG_CXX_LANGUAGE_STANDARD = "gnu++0x";
				CLANG_CXX_LIBRARY = "libc++";
				CLANG_ENABLE_MODULES = YES;
				CLANG_ENABLE_OBJC_ARC = YES;
				CLANG_WARN_BOOL_CONVERSION = YES;
				CLANG_WARN_CONSTANT_CONVERSION = YES;
				CLANG_WARN_DIRECT_OBJC_ISA_USAGE = YES_ERROR;
				CLANG_WARN_DOCUMENTATION_COMMENTS = YES;
				CLANG_WARN_EMPTY_BODY = YES;
				CLANG_WARN_ENUM_CONVERSION = YES;
				CLANG_WARN_INFINITE_RECURSION = YES;
				CLANG_WARN_INT_CONVERSION = YES;
				CLANG_WARN_OBJC_ROOT_CLASS = YES_ERROR;
				CLANG_WARN_SUSPICIOUS_MOVE = YES;
				CLANG_WARN_UNREACHABLE_CODE = YES;
				CLANG_WARN__DUPLICATE_METHOD_MATCH = YES;
				"CODE_SIGN_IDENTITY[sdk=iphoneos*]" = "iPhone Developer";
				COPY_PHASE_STRIP = NO;
				DEBUG_INFORMATION_FORMAT = "dwarf-with-dsym";
				ENABLE_NS_ASSERTIONS = NO;
				ENABLE_STRICT_OBJC_MSGSEND = YES;
				GCC_C_LANGUAGE_STANDARD = gnu99;
				GCC_NO_COMMON_BLOCKS = YES;
				GCC_WARN_64_TO_32_BIT_CONVERSION = YES;
				GCC_WARN_ABOUT_RETURN_TYPE = YES_ERROR;
				GCC_WARN_UNDECLARED_SELECTOR = YES;
				GCC_WARN_UNINITIALIZED_AUTOS = YES_AGGRESSIVE;
				GCC_WARN_UNUSED_FUNCTION = YES;
				GCC_WARN_UNUSED_VARIABLE = YES;
				IPHONEOS_DEPLOYMENT_TARGET = 10.3;
				MTL_ENABLE_DEBUG_INFO = NO;
				SDKROOT = iphoneos;
				SWIFT_OPTIMIZATION_LEVEL = "-Owholemodule";
				TARGETED_DEVICE_FAMILY = "1,2";
				VALIDATE_PRODUCT = YES;
			};
			name = Release;
		};
		5C5F41A01F11E8EE000E4F7C /* Debug */ = {
			isa = XCBuildConfiguration;
			baseConfigurationReference = 83963C0FA12910C359444212 /* Pods-KanjiApp.debug.xcconfig */;
			buildSettings = {
				ASSETCATALOG_COMPILER_APPICON_NAME = AppIcon;
				ASSETCATALOG_COMPILER_LAUNCHIMAGE_NAME = LaunchImage;
				DEVELOPMENT_TEAM = 954C489898;
				INFOPLIST_FILE = KanjiApp/Info.plist;
				LD_RUNPATH_SEARCH_PATHS = "$(inherited) @executable_path/Frameworks";
				PRODUCT_BUNDLE_IDENTIFIER = "Trim-inc.KanjiApp";
				PRODUCT_NAME = "$(TARGET_NAME)";
				SWIFT_VERSION = 3.0;
			};
			name = Debug;
		};
		5C5F41A11F11E8EE000E4F7C /* Release */ = {
			isa = XCBuildConfiguration;
			baseConfigurationReference = F01B005D3EE4F1FE8FA2C157 /* Pods-KanjiApp.release.xcconfig */;
			buildSettings = {
				ASSETCATALOG_COMPILER_APPICON_NAME = AppIcon;
				ASSETCATALOG_COMPILER_LAUNCHIMAGE_NAME = LaunchImage;
				DEVELOPMENT_TEAM = 954C489898;
				INFOPLIST_FILE = KanjiApp/Info.plist;
				LD_RUNPATH_SEARCH_PATHS = "$(inherited) @executable_path/Frameworks";
				PRODUCT_BUNDLE_IDENTIFIER = "Trim-inc.KanjiApp";
				PRODUCT_NAME = "$(TARGET_NAME)";
				SWIFT_VERSION = 3.0;
			};
			name = Release;
		};
		5C5F41A31F11E8EE000E4F7C /* Debug */ = {
			isa = XCBuildConfiguration;
			baseConfigurationReference = DD942F547D43D69EAD0E476D /* Pods-KanjiAppTests.debug.xcconfig */;
			buildSettings = {
				ALWAYS_EMBED_SWIFT_STANDARD_LIBRARIES = YES;
				BUNDLE_LOADER = "$(TEST_HOST)";
				DEVELOPMENT_TEAM = 954C489898;
				INFOPLIST_FILE = KanjiAppTests/Info.plist;
				LD_RUNPATH_SEARCH_PATHS = "$(inherited) @executable_path/Frameworks @loader_path/Frameworks";
				PRODUCT_BUNDLE_IDENTIFIER = "Trim-inc.KanjiAppTests";
				PRODUCT_NAME = "$(TARGET_NAME)";
				SWIFT_VERSION = 3.0;
				TEST_HOST = "$(BUILT_PRODUCTS_DIR)/KanjiApp.app/KanjiApp";
			};
			name = Debug;
		};
		5C5F41A41F11E8EE000E4F7C /* Release */ = {
			isa = XCBuildConfiguration;
			baseConfigurationReference = 4016E633C4CE4104BF92E6DF /* Pods-KanjiAppTests.release.xcconfig */;
			buildSettings = {
				ALWAYS_EMBED_SWIFT_STANDARD_LIBRARIES = YES;
				BUNDLE_LOADER = "$(TEST_HOST)";
				DEVELOPMENT_TEAM = 954C489898;
				INFOPLIST_FILE = KanjiAppTests/Info.plist;
				LD_RUNPATH_SEARCH_PATHS = "$(inherited) @executable_path/Frameworks @loader_path/Frameworks";
				PRODUCT_BUNDLE_IDENTIFIER = "Trim-inc.KanjiAppTests";
				PRODUCT_NAME = "$(TARGET_NAME)";
				SWIFT_VERSION = 3.0;
				TEST_HOST = "$(BUILT_PRODUCTS_DIR)/KanjiApp.app/KanjiApp";
			};
			name = Release;
		};
		5C5F41A61F11E8EE000E4F7C /* Debug */ = {
			isa = XCBuildConfiguration;
			baseConfigurationReference = 40AA102E7C8DD995649A9C13 /* Pods-KanjiAppUITests.debug.xcconfig */;
			buildSettings = {
				ALWAYS_EMBED_SWIFT_STANDARD_LIBRARIES = YES;
				DEVELOPMENT_TEAM = 954C489898;
				INFOPLIST_FILE = KanjiAppUITests/Info.plist;
				LD_RUNPATH_SEARCH_PATHS = "$(inherited) @executable_path/Frameworks @loader_path/Frameworks";
				PRODUCT_BUNDLE_IDENTIFIER = "Trim-inc.KanjiAppUITests";
				PRODUCT_NAME = "$(TARGET_NAME)";
				SWIFT_VERSION = 3.0;
				TEST_TARGET_NAME = KanjiApp;
			};
			name = Debug;
		};
		5C5F41A71F11E8EE000E4F7C /* Release */ = {
			isa = XCBuildConfiguration;
			baseConfigurationReference = 777E290574292043E3D30109 /* Pods-KanjiAppUITests.release.xcconfig */;
			buildSettings = {
				ALWAYS_EMBED_SWIFT_STANDARD_LIBRARIES = YES;
				DEVELOPMENT_TEAM = 954C489898;
				INFOPLIST_FILE = KanjiAppUITests/Info.plist;
				LD_RUNPATH_SEARCH_PATHS = "$(inherited) @executable_path/Frameworks @loader_path/Frameworks";
				PRODUCT_BUNDLE_IDENTIFIER = "Trim-inc.KanjiAppUITests";
				PRODUCT_NAME = "$(TARGET_NAME)";
				SWIFT_VERSION = 3.0;
				TEST_TARGET_NAME = KanjiApp;
			};
			name = Release;
		};
/* End XCBuildConfiguration section */

/* Begin XCConfigurationList section */
		5C5F41721F11E8EE000E4F7C /* Build configuration list for PBXProject "KanjiApp" */ = {
			isa = XCConfigurationList;
			buildConfigurations = (
				5C5F419D1F11E8EE000E4F7C /* Debug */,
				5C5F419E1F11E8EE000E4F7C /* Release */,
			);
			defaultConfigurationIsVisible = 0;
			defaultConfigurationName = Release;
		};
		5C5F419F1F11E8EE000E4F7C /* Build configuration list for PBXNativeTarget "KanjiApp" */ = {
			isa = XCConfigurationList;
			buildConfigurations = (
				5C5F41A01F11E8EE000E4F7C /* Debug */,
				5C5F41A11F11E8EE000E4F7C /* Release */,
			);
			defaultConfigurationIsVisible = 0;
			defaultConfigurationName = Release;
		};
		5C5F41A21F11E8EE000E4F7C /* Build configuration list for PBXNativeTarget "KanjiAppTests" */ = {
			isa = XCConfigurationList;
			buildConfigurations = (
				5C5F41A31F11E8EE000E4F7C /* Debug */,
				5C5F41A41F11E8EE000E4F7C /* Release */,
			);
			defaultConfigurationIsVisible = 0;
			defaultConfigurationName = Release;
		};
		5C5F41A51F11E8EE000E4F7C /* Build configuration list for PBXNativeTarget "KanjiAppUITests" */ = {
			isa = XCConfigurationList;
			buildConfigurations = (
				5C5F41A61F11E8EE000E4F7C /* Debug */,
				5C5F41A71F11E8EE000E4F7C /* Release */,
			);
			defaultConfigurationIsVisible = 0;
			defaultConfigurationName = Release;
		};
/* End XCConfigurationList section */
	};
	rootObject = 5C5F416F1F11E8EE000E4F7C /* Project object */;
}
